// !$*UTF8*$!
{
	archiveVersion = 1;
	classes = {
	};
	objectVersion = 50;
	objects = {

/* Begin PBXBuildFile section */
		CE768C522534334C00CB3DEC /* AppDelegate.swift in Sources */ = {isa = PBXBuildFile; fileRef = CE768C512534334C00CB3DEC /* AppDelegate.swift */; };
		CE768C542534334C00CB3DEC /* ViewController.swift in Sources */ = {isa = PBXBuildFile; fileRef = CE768C532534334C00CB3DEC /* ViewController.swift */; };
		CE768C562534334C00CB3DEC /* Experience.rcproject in Sources */ = {isa = PBXBuildFile; fileRef = CE768C552534334C00CB3DEC /* Experience.rcproject */; };
		CE768C592534334C00CB3DEC /* Main.storyboard in Resources */ = {isa = PBXBuildFile; fileRef = CE768C572534334C00CB3DEC /* Main.storyboard */; };
		CE768C5B2534334F00CB3DEC /* Assets.xcassets in Resources */ = {isa = PBXBuildFile; fileRef = CE768C5A2534334F00CB3DEC /* Assets.xcassets */; };
		CE768C5E2534334F00CB3DEC /* LaunchScreen.storyboard in Resources */ = {isa = PBXBuildFile; fileRef = CE768C5C2534334F00CB3DEC /* LaunchScreen.storyboard */; };
/* End PBXBuildFile section */

/* Begin PBXFileReference section */
		CE768C4E2534334C00CB3DEC /* MyFirstAugmentedApp.app */ = {isa = PBXFileReference; explicitFileType = wrapper.application; includeInIndex = 0; path = MyFirstAugmentedApp.app; sourceTree = BUILT_PRODUCTS_DIR; };
		CE768C512534334C00CB3DEC /* AppDelegate.swift */ = {isa = PBXFileReference; lastKnownFileType = sourcecode.swift; path = AppDelegate.swift; sourceTree = "<group>"; };
		CE768C532534334C00CB3DEC /* ViewController.swift */ = {isa = PBXFileReference; lastKnownFileType = sourcecode.swift; path = ViewController.swift; sourceTree = "<group>"; };
		CE768C552534334C00CB3DEC /* Experience.rcproject */ = {isa = PBXFileReference; lastKnownFileType = file.rcproject; path = Experience.rcproject; sourceTree = "<group>"; };
		CE768C582534334C00CB3DEC /* Base */ = {isa = PBXFileReference; lastKnownFileType = file.storyboard; name = Base; path = Base.lproj/Main.storyboard; sourceTree = "<group>"; };
		CE768C5A2534334F00CB3DEC /* Assets.xcassets */ = {isa = PBXFileReference; lastKnownFileType = folder.assetcatalog; path = Assets.xcassets; sourceTree = "<group>"; };
		CE768C5D2534334F00CB3DEC /* Base */ = {isa = PBXFileReference; lastKnownFileType = file.storyboard; name = Base; path = Base.lproj/LaunchScreen.storyboard; sourceTree = "<group>"; };
		CE768C5F2534334F00CB3DEC /* Info.plist */ = {isa = PBXFileReference; lastKnownFileType = text.plist.xml; path = Info.plist; sourceTree = "<group>"; };
/* End PBXFileReference section */

/* Begin PBXFrameworksBuildPhase section */
		CE768C4B2534334C00CB3DEC /* Frameworks */ = {
			isa = PBXFrameworksBuildPhase;
			buildActionMask = 2147483647;
			files = (
			);
			runOnlyForDeploymentPostprocessing = 0;
		};
/* End PBXFrameworksBuildPhase section */

/* Begin PBXGroup section */
		CE768C452534334C00CB3DEC = {
			isa = PBXGroup;
			children = (
				CE768C502534334C00CB3DEC /* MyFirstAugmentedApp */,
				CE768C4F2534334C00CB3DEC /* Products */,
			);
			sourceTree = "<group>";
		};
		CE768C4F2534334C00CB3DEC /* Products */ = {
			isa = PBXGroup;
			children = (
				CE768C4E2534334C00CB3DEC /* MyFirstAugmentedApp.app */,
			);
			name = Products;
			sourceTree = "<group>";
		};
		CE768C502534334C00CB3DEC /* MyFirstAugmentedApp */ = {
			isa = PBXGroup;
			children = (
				CE768C512534334C00CB3DEC /* AppDelegate.swift */,
				CE768C532534334C00CB3DEC /* ViewController.swift */,
				CE768C552534334C00CB3DEC /* Experience.rcproject */,
				CE768C572534334C00CB3DEC /* Main.storyboard */,
				CE768C5A2534334F00CB3DEC /* Assets.xcassets */,
				CE768C5C2534334F00CB3DEC /* LaunchScreen.storyboard */,
				CE768C5F2534334F00CB3DEC /* Info.plist */,
			);
			path = MyFirstAugmentedApp;
			sourceTree = "<group>";
		};
/* End PBXGroup section */

/* Begin PBXNativeTarget section */
		CE768C4D2534334C00CB3DEC /* MyFirstAugmentedApp */ = {
			isa = PBXNativeTarget;
			buildConfigurationList = CE768C622534334F00CB3DEC /* Build configuration list for PBXNativeTarget "MyFirstAugmentedApp" */;
			buildPhases = (
				CE768C4A2534334C00CB3DEC /* Sources */,
				CE768C4B2534334C00CB3DEC /* Frameworks */,
				CE768C4C2534334C00CB3DEC /* Resources */,
			);
			buildRules = (
			);
			dependencies = (
			);
			name = MyFirstAugmentedApp;
			productName = MyFirstAugmentedApp;
			productReference = CE768C4E2534334C00CB3DEC /* MyFirstAugmentedApp.app */;
			productType = "com.apple.product-type.application";
		};
/* End PBXNativeTarget section */

/* Begin PBXProject section */
		CE768C462534334C00CB3DEC /* Project object */ = {
			isa = PBXProject;
			attributes = {
				LastSwiftUpdateCheck = 1160;
				LastUpgradeCheck = 1160;
				ORGANIZATIONNAME = "Workspace IT";
				TargetAttributes = {
					CE768C4D2534334C00CB3DEC = {
						CreatedOnToolsVersion = 11.6;
					};
				};
			};
			buildConfigurationList = CE768C492534334C00CB3DEC /* Build configuration list for PBXProject "MyFirstAugmentedApp" */;
			compatibilityVersion = "Xcode 9.3";
			developmentRegion = en;
			hasScannedForEncodings = 0;
			knownRegions = (
				en,
				Base,
			);
			mainGroup = CE768C452534334C00CB3DEC;
			productRefGroup = CE768C4F2534334C00CB3DEC /* Products */;
			projectDirPath = "";
			projectRoot = "";
			targets = (
				CE768C4D2534334C00CB3DEC /* MyFirstAugmentedApp */,
			);
		};
/* End PBXProject section */

/* Begin PBXResourcesBuildPhase section */
		CE768C4C2534334C00CB3DEC /* Resources */ = {
			isa = PBXResourcesBuildPhase;
			buildActionMask = 2147483647;
			files = (
				CE768C5E2534334F00CB3DEC /* LaunchScreen.storyboard in Resources */,
				CE768C5B2534334F00CB3DEC /* Assets.xcassets in Resources */,
				CE768C592534334C00CB3DEC /* Main.storyboard in Resources */,
			);
			runOnlyForDeploymentPostprocessing = 0;
		};
/* End PBXResourcesBuildPhase section */

/* Begin PBXSourcesBuildPhase section */
		CE768C4A2534334C00CB3DEC /* Sources */ = {
			isa = PBXSourcesBuildPhase;
			buildActionMask = 2147483647;
			files = (
				CE768C542534334C00CB3DEC /* ViewController.swift in Sources */,
				CE768C522534334C00CB3DEC /* AppDelegate.swift in Sources */,
				CE768C562534334C00CB3DEC /* Experience.rcproject in Sources */,
			);
			runOnlyForDeploymentPostprocessing = 0;
		};
/* End PBXSourcesBuildPhase section */

/* Begin PBXVariantGroup section */
		CE768C572534334C00CB3DEC /* Main.storyboard */ = {
			isa = PBXVariantGroup;
			children = (
				CE768C582534334C00CB3DEC /* Base */,
			);
			name = Main.storyboard;
			sourceTree = "<group>";
		};
		CE768C5C2534334F00CB3DEC /* LaunchScreen.storyboard */ = {
			isa = PBXVariantGroup;
			children = (
				CE768C5D2534334F00CB3DEC /* Base */,
			);
			name = LaunchScreen.storyboard;
			sourceTree = "<group>";
		};
/* End PBXVariantGroup section */

/* Begin XCBuildConfiguration section */
		CE768C602534334F00CB3DEC /* Debug */ = {
			isa = XCBuildConfiguration;
			buildSettings = {
				ALWAYS_SEARCH_USER_PATHS = NO;
				CLANG_ANALYZER_NONNULL = YES;
				CLANG_ANALYZER_NUMBER_OBJECT_CONVERSION = YES_AGGRESSIVE;
				CLANG_CXX_LANGUAGE_STANDARD = "gnu++14";
				CLANG_CXX_LIBRARY = "libc++";
				CLANG_ENABLE_MODULES = YES;
				CLANG_ENABLE_OBJC_ARC = YES;
				CLANG_ENABLE_OBJC_WEAK = YES;
				CLANG_WARN_BLOCK_CAPTURE_AUTORELEASING = YES;
				CLANG_WARN_BOOL_CONVERSION = YES;
				CLANG_WARN_COMMA = YES;
				CLANG_WARN_CONSTANT_CONVERSION = YES;
				CLANG_WARN_DEPRECATED_OBJC_IMPLEMENTATIONS = YES;
				CLANG_WARN_DIRECT_OBJC_ISA_USAGE = YES_ERROR;
				CLANG_WARN_DOCUMENTATION_COMMENTS = YES;
				CLANG_WARN_EMPTY_BODY = YES;
				CLANG_WARN_ENUM_CONVERSION = YES;
				CLANG_WARN_INFINITE_RECURSION = YES;
				CLANG_WARN_INT_CONVERSION = YES;
				CLANG_WARN_NON_LITERAL_NULL_CONVERSION = YES;
				CLANG_WARN_OBJC_IMPLICIT_RETAIN_SELF = YES;
				CLANG_WARN_OBJC_LITERAL_CONVERSION = YES;
				CLANG_WARN_OBJC_ROOT_CLASS = YES_ERROR;
				CLANG_WARN_RANGE_LOOP_ANALYSIS = YES;
				CLANG_WARN_STRICT_PROTOTYPES = YES;
				CLANG_WARN_SUSPICIOUS_MOVE = YES;
				CLANG_WARN_UNGUARDED_AVAILABILITY = YES_AGGRESSIVE;
				CLANG_WARN_UNREACHABLE_CODE = YES;
				CLANG_WARN__DUPLICATE_METHOD_MATCH = YES;
				COPY_PHASE_STRIP = NO;
				DEBUG_INFORMATION_FORMAT = dwarf;
				ENABLE_STRICT_OBJC_MSGSEND = YES;
				ENABLE_TESTABILITY = YES;
				GCC_C_LANGUAGE_STANDARD = gnu11;
				GCC_DYNAMIC_NO_PIC = NO;
				GCC_NO_COMMON_BLOCKS = YES;
				GCC_OPTIMIZATION_LEVEL = 0;
				GCC_PREPROCESSOR_DEFINITIONS = (
					"DEBUG=1",
					"$(inherited)",
				);
				GCC_WARN_64_TO_32_BIT_CONVERSION = YES;
				GCC_WARN_ABOUT_RETURN_TYPE = YES_ERROR;
				GCC_WARN_UNDECLARED_SELECTOR = YES;
				GCC_WARN_UNINITIALIZED_AUTOS = YES_AGGRESSIVE;
				GCC_WARN_UNUSED_FUNCTION = YES;
				GCC_WARN_UNUSED_VARIABLE = YES;
				IPHONEOS_DEPLOYMENT_TARGET = 13.6;
				MTL_ENABLE_DEBUG_INFO = INCLUDE_SOURCE;
				MTL_FAST_MATH = YES;
				ONLY_ACTIVE_ARCH = YES;
				SDKROOT = iphoneos;
				SWIFT_ACTIVE_COMPILATION_CONDITIONS = DEBUG;
				SWIFT_OPTIMIZATION_LEVEL = "-Onone";
			};
			name = Debug;
		};
		CE768C612534334F00CB3DEC /* Release */ = {
			isa = XCBuildConfiguration;
			buildSettings = {
				ALWAYS_SEARCH_USER_PATHS = NO;
				CLANG_ANALYZER_NONNULL = YES;
				CLANG_ANALYZER_NUMBER_OBJECT_CONVERSION = YES_AGGRESSIVE;
				CLANG_CXX_LANGUAGE_STANDARD = "gnu++14";
				CLANG_CXX_LIBRARY = "libc++";
				CLANG_ENABLE_MODULES = YES;
				CLANG_ENABLE_OBJC_ARC = YES;
				CLANG_ENABLE_OBJC_WEAK = YES;
				CLANG_WARN_BLOCK_CAPTURE_AUTORELEASING = YES;
				CLANG_WARN_BOOL_CONVERSION = YES;
				CLANG_WARN_COMMA = YES;
				CLANG_WARN_CONSTANT_CONVERSION = YES;
				CLANG_WARN_DEPRECATED_OBJC_IMPLEMENTATIONS = YES;
				CLANG_WARN_DIRECT_OBJC_ISA_USAGE = YES_ERROR;
				CLANG_WARN_DOCUMENTATION_COMMENTS = YES;
				CLANG_WARN_EMPTY_BODY = YES;
				CLANG_WARN_ENUM_CONVERSION = YES;
				CLANG_WARN_INFINITE_RECURSION = YES;
				CLANG_WARN_INT_CONVERSION = YES;
				CLANG_WARN_NON_LITERAL_NULL_CONVERSION = YES;
				CLANG_WARN_OBJC_IMPLICIT_RETAIN_SELF = YES;
				CLANG_WARN_OBJC_LITERAL_CONVERSION = YES;
				CLANG_WARN_OBJC_ROOT_CLASS = YES_ERROR;
				CLANG_WARN_RANGE_LOOP_ANALYSIS = YES;
				CLANG_WARN_STRICT_PROTOTYPES = YES;
				CLANG_WARN_SUSPICIOUS_MOVE = YES;
				CLANG_WARN_UNGUARDED_AVAILABILITY = YES_AGGRESSIVE;
				CLANG_WARN_UNREACHABLE_CODE = YES;
				CLANG_WARN__DUPLICATE_METHOD_MATCH = YES;
				COPY_PHASE_STRIP = NO;
				DEBUG_INFORMATION_FORMAT = "dwarf-with-dsym";
				ENABLE_NS_ASSERTIONS = NO;
				ENABLE_STRICT_OBJC_MSGSEND = YES;
				GCC_C_LANGUAGE_STANDARD = gnu11;
				GCC_NO_COMMON_BLOCKS = YES;
				GCC_WARN_64_TO_32_BIT_CONVERSION = YES;
				GCC_WARN_ABOUT_RETURN_TYPE = YES_ERROR;
				GCC_WARN_UNDECLARED_SELECTOR = YES;
				GCC_WARN_UNINITIALIZED_AUTOS = YES_AGGRESSIVE;
				GCC_WARN_UNUSED_FUNCTION = YES;
				GCC_WARN_UNUSED_VARIABLE = YES;
				IPHONEOS_DEPLOYMENT_TARGET = 13.6;
				MTL_ENABLE_DEBUG_INFO = NO;
				MTL_FAST_MATH = YES;
				SDKROOT = iphoneos;
				SWIFT_COMPILATION_MODE = wholemodule;
				SWIFT_OPTIMIZATION_LEVEL = "-O";
				VALIDATE_PRODUCT = YES;
			};
			name = Release;
		};
		CE768C632534334F00CB3DEC /* Debug */ = {
			isa = XCBuildConfiguration;
			buildSettings = {
				ASSETCATALOG_COMPILER_APPICON_NAME = AppIcon;
				CODE_SIGN_STYLE = Automatic;
				DEVELOPMENT_TEAM = QN3CSASG82;
				INFOPLIST_FILE = MyFirstAugmentedApp/Info.plist;
				LD_RUNPATH_SEARCH_PATHS = (
					"$(inherited)",
					"@executable_path/Frameworks",
				);
				PRODUCT_BUNDLE_IDENTIFIER = com.wsit.MyFirstAugmentedApp;
				PRODUCT_NAME = "$(TARGET_NAME)";
				SWIFT_VERSION = 5.0;
				TARGETED_DEVICE_FAMILY = "1,2";
			};
			name = Debug;
		};
		CE768C642534334F00CB3DEC /* Release */ = {
			isa = XCBuildConfiguration;
			buildSettings = {
				ASSETCATALOG_COMPILER_APPICON_NAME = AppIcon;
				CODE_SIGN_STYLE = Automatic;
				DEVELOPMENT_TEAM = QN3CSASG82;
				INFOPLIST_FILE = MyFirstAugmentedApp/Info.plist;
				LD_RUNPATH_SEARCH_PATHS = (
					"$(inherited)",
					"@executable_path/Frameworks",
				);
				PRODUCT_BUNDLE_IDENTIFIER = com.wsit.MyFirstAugmentedApp;
				PRODUCT_NAME = "$(TARGET_NAME)";
				SWIFT_VERSION = 5.0;
				TARGETED_DEVICE_FAMILY = "1,2";
			};
			name = Release;
		};
/* End XCBuildConfiguration section */

/* Begin XCConfigurationList section */
		CE768C492534334C00CB3DEC /* Build configuration list for PBXProject "MyFirstAugmentedApp" */ = {
			isa = XCConfigurationList;
			buildConfigurations = (
				CE768C602534334F00CB3DEC /* Debug */,
				CE768C612534334F00CB3DEC /* Release */,
			);
			defaultConfigurationIsVisible = 0;
			defaultConfigurationName = Release;
		};
		CE768C622534334F00CB3DEC /* Build configuration list for PBXNativeTarget "MyFirstAugmentedApp" */ = {
			isa = XCConfigurationList;
			buildConfigurations = (
				CE768C632534334F00CB3DEC /* Debug */,
				CE768C642534334F00CB3DEC /* Release */,
			);
			defaultConfigurationIsVisible = 0;
			defaultConfigurationName = Release;
		};
/* End XCConfigurationList section */
	};
	rootObject = CE768C462534334C00CB3DEC /* Project object */;
}
